
Microsoft Visual Studio Solution File, Format Version 12.00
# Visual Studio Version 16
VisualStudioVersion = 16.0.32602.291
MinimumVisualStudioVersion = 10.0.40219.1
Project("{FAE04EC0-301F-11D3-BF4B-00C04F79EFBC}") = "dot_bioskop", "dot_bioskop.csproj", "{194B6738-3D91-4049-84E1-2324D7D869C3}"
EndProject
Global
	GlobalSection(SolutionConfigurationPlatforms) = preSolution
		Debug|Any CPU = Debug|Any CPU
		Release|Any CPU = Release|Any CPU
	EndGlobalSection
	GlobalSection(ProjectConfigurationPlatforms) = postSolution
		{194B6738-3D91-4049-84E1-2324D7D869C3}.Debug|Any CPU.ActiveCfg = Debug|Any CPU
		{194B6738-3D91-4049-84E1-2324D7D869C3}.Debug|Any CPU.Build.0 = Debug|Any CPU
		{194B6738-3D91-4049-84E1-2324D7D869C3}.Release|Any CPU.ActiveCfg = Release|Any CPU
		{194B6738-3D91-4049-84E1-2324D7D869C3}.Release|Any CPU.Build.0 = Release|Any CPU
	EndGlobalSection
	GlobalSection(SolutionProperties) = preSolution
		HideSolutionNode = FALSE
	EndGlobalSection
	GlobalSection(ExtensibilityGlobals) = postSolution
		SolutionGuid = {6F9C211E-F7BB-4A7B-8218-DAA5E91AD99D}
	EndGlobalSection
EndGlobal
